
Microsoft Visual Studio Solution File, Format Version 12.00
# Visual Studio Version 16
VisualStudioVersion = 16.0.30413.136
MinimumVisualStudioVersion = 10.0.40219.1
Project("{FAE04EC0-301F-11D3-BF4B-00C04F79EFBC}") = "Lab2", "Lab2\Lab2.csproj", "{D72AAD0D-AE87-4AA2-A16D-FF8587D78FBB}"
EndProject
Project("{FAE04EC0-301F-11D3-BF4B-00C04F79EFBC}") = "Func", "Func\Func.csproj", "{A7498C41-86D3-4DF1-B19A-6A6FC974C9F4}"
EndProject
Project("{FAE04EC0-301F-11D3-BF4B-00C04F79EFBC}") = "FuncValues", "FuncValues\FuncValues.csproj", "{CD5E7617-5830-4340-858F-DB33ECB66612}"
EndProject
Project("{FAE04EC0-301F-11D3-BF4B-00C04F79EFBC}") = "PrintToFile", "PrintToFile\PrintToFile.csproj", "{DE64FD31-B15D-4A94-B991-13F1E149E8AD}"
EndProject
Project("{FAE04EC0-301F-11D3-BF4B-00C04F79EFBC}") = "Main", "Main\Main.csproj", "{617A0EC1-924B-43B5-A8F3-AF14DCD47923}"
EndProject
Global
	GlobalSection(SolutionConfigurationPlatforms) = preSolution
		Debug|Any CPU = Debug|Any CPU
		Release|Any CPU = Release|Any CPU
	EndGlobalSection
	GlobalSection(ProjectConfigurationPlatforms) = postSolution
		{D72AAD0D-AE87-4AA2-A16D-FF8587D78FBB}.Debug|Any CPU.ActiveCfg = Debug|Any CPU
		{D72AAD0D-AE87-4AA2-A16D-FF8587D78FBB}.Debug|Any CPU.Build.0 = Debug|Any CPU
		{D72AAD0D-AE87-4AA2-A16D-FF8587D78FBB}.Release|Any CPU.ActiveCfg = Release|Any CPU
		{D72AAD0D-AE87-4AA2-A16D-FF8587D78FBB}.Release|Any CPU.Build.0 = Release|Any CPU
		{A7498C41-86D3-4DF1-B19A-6A6FC974C9F4}.Debug|Any CPU.ActiveCfg = Debug|Any CPU
		{A7498C41-86D3-4DF1-B19A-6A6FC974C9F4}.Debug|Any CPU.Build.0 = Debug|Any CPU
		{A7498C41-86D3-4DF1-B19A-6A6FC974C9F4}.Release|Any CPU.ActiveCfg = Release|Any CPU
		{A7498C41-86D3-4DF1-B19A-6A6FC974C9F4}.Release|Any CPU.Build.0 = Release|Any CPU
		{CD5E7617-5830-4340-858F-DB33ECB66612}.Debug|Any CPU.ActiveCfg = Debug|Any CPU
		{CD5E7617-5830-4340-858F-DB33ECB66612}.Debug|Any CPU.Build.0 = Debug|Any CPU
		{CD5E7617-5830-4340-858F-DB33ECB66612}.Release|Any CPU.ActiveCfg = Release|Any CPU
		{CD5E7617-5830-4340-858F-DB33ECB66612}.Release|Any CPU.Build.0 = Release|Any CPU
		{DE64FD31-B15D-4A94-B991-13F1E149E8AD}.Debug|Any CPU.ActiveCfg = Debug|Any CPU
		{DE64FD31-B15D-4A94-B991-13F1E149E8AD}.Debug|Any CPU.Build.0 = Debug|Any CPU
		{DE64FD31-B15D-4A94-B991-13F1E149E8AD}.Release|Any CPU.ActiveCfg = Release|Any CPU
		{DE64FD31-B15D-4A94-B991-13F1E149E8AD}.Release|Any CPU.Build.0 = Release|Any CPU
		{617A0EC1-924B-43B5-A8F3-AF14DCD47923}.Debug|Any CPU.ActiveCfg = Debug|Any CPU
		{617A0EC1-924B-43B5-A8F3-AF14DCD47923}.Debug|Any CPU.Build.0 = Debug|Any CPU
		{617A0EC1-924B-43B5-A8F3-AF14DCD47923}.Release|Any CPU.ActiveCfg = Release|Any CPU
		{617A0EC1-924B-43B5-A8F3-AF14DCD47923}.Release|Any CPU.Build.0 = Release|Any CPU
	EndGlobalSection
	GlobalSection(SolutionProperties) = preSolution
		HideSolutionNode = FALSE
	EndGlobalSection
	GlobalSection(ExtensibilityGlobals) = postSolution
		SolutionGuid = {51799B41-07A6-4FE8-997A-540017E5C9C5}
	EndGlobalSection
EndGlobal
